// !$*UTF8*$!
{
	archiveVersion = 1;
	classes = {
	};
	objectVersion = 56;
	objects = {

/* Begin PBXBuildFile section */
		8E4415812B483869006AB005 /* LandmarksApp.swift in Sources */ = {isa = PBXBuildFile; fileRef = 8E4415802B483869006AB005 /* LandmarksApp.swift */; };
		8E4415832B483869006AB005 /* ContentView.swift in Sources */ = {isa = PBXBuildFile; fileRef = 8E4415822B483869006AB005 /* ContentView.swift */; };
		8E4415852B48386A006AB005 /* Assets.xcassets in Resources */ = {isa = PBXBuildFile; fileRef = 8E4415842B48386A006AB005 /* Assets.xcassets */; };
		8E4415882B48386A006AB005 /* PreviewAssets.xcassets in Resources */ = {isa = PBXBuildFile; fileRef = 8E4415872B48386A006AB005 /* PreviewAssets.xcassets */; };
		8E8870B52B4AC695001674D3 /* CircleImageView.swift in Sources */ = {isa = PBXBuildFile; fileRef = 8E8870B42B4AC695001674D3 /* CircleImageView.swift */; };
		8E8870B82B4AEECB001674D3 /* MapView.swift in Sources */ = {isa = PBXBuildFile; fileRef = 8E8870B72B4AEECB001674D3 /* MapView.swift */; };
		8E8870BA2B4FFD44001674D3 /* Landmarks.json in Resources */ = {isa = PBXBuildFile; fileRef = 8E8870B92B4FFD44001674D3 /* Landmarks.json */; };
		8E8870BE2B5000AA001674D3 /* LandmarkModel.swift in Sources */ = {isa = PBXBuildFile; fileRef = 8E8870BD2B5000AA001674D3 /* LandmarkModel.swift */; };
		8E8870C02B50180A001674D3 /* DataModel.swift in Sources */ = {isa = PBXBuildFile; fileRef = 8E8870BF2B50180A001674D3 /* DataModel.swift */; };
		8E8870C22B51AB57001674D3 /* LandmarkRowView.swift in Sources */ = {isa = PBXBuildFile; fileRef = 8E8870C12B51AB57001674D3 /* LandmarkRowView.swift */; };
		8E8870C42B5402E0001674D3 /* LandmarkListView.swift in Sources */ = {isa = PBXBuildFile; fileRef = 8E8870C32B5402E0001674D3 /* LandmarkListView.swift */; };
/* End PBXBuildFile section */

/* Begin PBXFileReference section */
		8E44157D2B483869006AB005 /* Landmarks.app */ = {isa = PBXFileReference; explicitFileType = wrapper.application; includeInIndex = 0; path = Landmarks.app; sourceTree = BUILT_PRODUCTS_DIR; };
		8E4415802B483869006AB005 /* LandmarksApp.swift */ = {isa = PBXFileReference; lastKnownFileType = sourcecode.swift; path = LandmarksApp.swift; sourceTree = "<group>"; };
		8E4415822B483869006AB005 /* ContentView.swift */ = {isa = PBXFileReference; lastKnownFileType = sourcecode.swift; path = ContentView.swift; sourceTree = "<group>"; };
		8E4415842B48386A006AB005 /* Assets.xcassets */ = {isa = PBXFileReference; lastKnownFileType = folder.assetcatalog; path = Assets.xcassets; sourceTree = "<group>"; };
		8E4415872B48386A006AB005 /* PreviewAssets.xcassets */ = {isa = PBXFileReference; lastKnownFileType = folder.assetcatalog; path = PreviewAssets.xcassets; sourceTree = "<group>"; };
		8E8870B42B4AC695001674D3 /* CircleImageView.swift */ = {isa = PBXFileReference; lastKnownFileType = sourcecode.swift; path = CircleImageView.swift; sourceTree = "<group>"; };
		8E8870B72B4AEECB001674D3 /* MapView.swift */ = {isa = PBXFileReference; lastKnownFileType = sourcecode.swift; path = MapView.swift; sourceTree = "<group>"; };
		8E8870B92B4FFD44001674D3 /* Landmarks.json */ = {isa = PBXFileReference; fileEncoding = 4; lastKnownFileType = text.json; path = Landmarks.json; sourceTree = "<group>"; };
		8E8870BD2B5000AA001674D3 /* LandmarkModel.swift */ = {isa = PBXFileReference; lastKnownFileType = sourcecode.swift; path = LandmarkModel.swift; sourceTree = "<group>"; };
		8E8870BF2B50180A001674D3 /* DataModel.swift */ = {isa = PBXFileReference; lastKnownFileType = sourcecode.swift; path = DataModel.swift; sourceTree = "<group>"; };
		8E8870C12B51AB57001674D3 /* LandmarkRowView.swift */ = {isa = PBXFileReference; lastKnownFileType = sourcecode.swift; path = LandmarkRowView.swift; sourceTree = "<group>"; };
		8E8870C32B5402E0001674D3 /* LandmarkListView.swift */ = {isa = PBXFileReference; lastKnownFileType = sourcecode.swift; path = LandmarkListView.swift; sourceTree = "<group>"; };
/* End PBXFileReference section */

/* Begin PBXFrameworksBuildPhase section */
		8E44157A2B483868006AB005 /* Frameworks */ = {
			isa = PBXFrameworksBuildPhase;
			buildActionMask = 2147483647;
			files = (
			);
			runOnlyForDeploymentPostprocessing = 0;
		};
/* End PBXFrameworksBuildPhase section */

/* Begin PBXGroup section */
		8E4415742B483868006AB005 = {
			isa = PBXGroup;
			children = (
				8E44157F2B483869006AB005 /* Landmarks */,
				8E44157E2B483869006AB005 /* Products */,
			);
			sourceTree = "<group>";
		};
		8E44157E2B483869006AB005 /* Products */ = {
			isa = PBXGroup;
			children = (
				8E44157D2B483869006AB005 /* Landmarks.app */,
			);
			name = Products;
			sourceTree = "<group>";
		};
		8E44157F2B483869006AB005 /* Landmarks */ = {
			isa = PBXGroup;
			children = (
				8E8870BC2B50005F001674D3 /* Models */,
				8E4415862B48386A006AB005 /* PreviewContent */,
				8E8870BB2B4FFEBE001674D3 /* Resources */,
				8E8870B62B4ACD5A001674D3 /* Views */,
				8E4415802B483869006AB005 /* LandmarksApp.swift */,
			);
			path = Landmarks;
			sourceTree = "<group>";
		};
		8E4415862B48386A006AB005 /* PreviewContent */ = {
			isa = PBXGroup;
			children = (
				8E4415872B48386A006AB005 /* PreviewAssets.xcassets */,
			);
			path = PreviewContent;
			sourceTree = "<group>";
		};
		8E8870B62B4ACD5A001674D3 /* Views */ = {
			isa = PBXGroup;
			children = (
				8E8870B42B4AC695001674D3 /* CircleImageView.swift */,
				8E4415822B483869006AB005 /* ContentView.swift */,
				8E8870C32B5402E0001674D3 /* LandmarkListView.swift */,
				8E8870C12B51AB57001674D3 /* LandmarkRowView.swift */,
				8E8870B72B4AEECB001674D3 /* MapView.swift */,
			);
			path = Views;
			sourceTree = "<group>";
		};
		8E8870BB2B4FFEBE001674D3 /* Resources */ = {
			isa = PBXGroup;
			children = (
				8E4415842B48386A006AB005 /* Assets.xcassets */,
				8E8870B92B4FFD44001674D3 /* Landmarks.json */,
			);
			path = Resources;
			sourceTree = "<group>";
		};
		8E8870BC2B50005F001674D3 /* Models */ = {
			isa = PBXGroup;
			children = (
				8E8870BF2B50180A001674D3 /* DataModel.swift */,
				8E8870BD2B5000AA001674D3 /* LandmarkModel.swift */,
			);
			path = Models;
			sourceTree = "<group>";
		};
/* End PBXGroup section */

/* Begin PBXNativeTarget section */
		8E44157C2B483868006AB005 /* Landmarks */ = {
			isa = PBXNativeTarget;
			buildConfigurationList = 8E44158B2B48386A006AB005 /* Build configuration list for PBXNativeTarget "Landmarks" */;
			buildPhases = (
				8E4415792B483868006AB005 /* Sources */,
				8E44157A2B483868006AB005 /* Frameworks */,
				8E44157B2B483868006AB005 /* Resources */,
			);
			buildRules = (
			);
			dependencies = (
			);
			name = Landmarks;
			productName = Landmarks;
			productReference = 8E44157D2B483869006AB005 /* Landmarks.app */;
			productType = "com.apple.product-type.application";
		};
/* End PBXNativeTarget section */

/* Begin PBXProject section */
		8E4415752B483868006AB005 /* Project object */ = {
			isa = PBXProject;
			attributes = {
				BuildIndependentTargetsInParallel = 1;
				LastSwiftUpdateCheck = 1430;
				LastUpgradeCheck = 1430;
				TargetAttributes = {
					8E44157C2B483868006AB005 = {
						CreatedOnToolsVersion = 14.3.1;
					};
				};
			};
			buildConfigurationList = 8E4415782B483868006AB005 /* Build configuration list for PBXProject "Landmarks" */;
			compatibilityVersion = "Xcode 14.0";
			developmentRegion = en;
			hasScannedForEncodings = 0;
			knownRegions = (
				en,
				Base,
			);
			mainGroup = 8E4415742B483868006AB005;
			productRefGroup = 8E44157E2B483869006AB005 /* Products */;
			projectDirPath = "";
			projectRoot = "";
			targets = (
				8E44157C2B483868006AB005 /* Landmarks */,
			);
		};
/* End PBXProject section */

/* Begin PBXResourcesBuildPhase section */
		8E44157B2B483868006AB005 /* Resources */ = {
			isa = PBXResourcesBuildPhase;
			buildActionMask = 2147483647;
			files = (
				8E4415882B48386A006AB005 /* PreviewAssets.xcassets in Resources */,
				8E4415852B48386A006AB005 /* Assets.xcassets in Resources */,
				8E8870BA2B4FFD44001674D3 /* Landmarks.json in Resources */,
			);
			runOnlyForDeploymentPostprocessing = 0;
		};
/* End PBXResourcesBuildPhase section */

/* Begin PBXSourcesBuildPhase section */
		8E4415792B483868006AB005 /* Sources */ = {
			isa = PBXSourcesBuildPhase;
			buildActionMask = 2147483647;
			files = (
				8E4415832B483869006AB005 /* ContentView.swift in Sources */,
				8E8870B82B4AEECB001674D3 /* MapView.swift in Sources */,
				8E8870C42B5402E0001674D3 /* LandmarkListView.swift in Sources */,
				8E4415812B483869006AB005 /* LandmarksApp.swift in Sources */,
				8E8870B52B4AC695001674D3 /* CircleImageView.swift in Sources */,
				8E8870C22B51AB57001674D3 /* LandmarkRowView.swift in Sources */,
				8E8870BE2B5000AA001674D3 /* LandmarkModel.swift in Sources */,
				8E8870C02B50180A001674D3 /* DataModel.swift in Sources */,
			);
			runOnlyForDeploymentPostprocessing = 0;
		};
/* End PBXSourcesBuildPhase section */

/* Begin XCBuildConfiguration section */
		8E4415892B48386A006AB005 /* Debug */ = {
			isa = XCBuildConfiguration;
			buildSettings = {
				ALWAYS_SEARCH_USER_PATHS = NO;
				CLANG_ANALYZER_NONNULL = YES;
				CLANG_ANALYZER_NUMBER_OBJECT_CONVERSION = YES_AGGRESSIVE;
				CLANG_CXX_LANGUAGE_STANDARD = "gnu++20";
				CLANG_ENABLE_MODULES = YES;
				CLANG_ENABLE_OBJC_ARC = YES;
				CLANG_ENABLE_OBJC_WEAK = YES;
				CLANG_WARN_BLOCK_CAPTURE_AUTORELEASING = YES;
				CLANG_WARN_BOOL_CONVERSION = YES;
				CLANG_WARN_COMMA = YES;
				CLANG_WARN_CONSTANT_CONVERSION = YES;
				CLANG_WARN_DEPRECATED_OBJC_IMPLEMENTATIONS = YES;
				CLANG_WARN_DIRECT_OBJC_ISA_USAGE = YES_ERROR;
				CLANG_WARN_DOCUMENTATION_COMMENTS = YES;
				CLANG_WARN_EMPTY_BODY = YES;
				CLANG_WARN_ENUM_CONVERSION = YES;
				CLANG_WARN_INFINITE_RECURSION = YES;
				CLANG_WARN_INT_CONVERSION = YES;
				CLANG_WARN_NON_LITERAL_NULL_CONVERSION = YES;
				CLANG_WARN_OBJC_IMPLICIT_RETAIN_SELF = YES;
				CLANG_WARN_OBJC_LITERAL_CONVERSION = YES;
				CLANG_WARN_OBJC_ROOT_CLASS = YES_ERROR;
				CLANG_WARN_QUOTED_INCLUDE_IN_FRAMEWORK_HEADER = YES;
				CLANG_WARN_RANGE_LOOP_ANALYSIS = YES;
				CLANG_WARN_STRICT_PROTOTYPES = YES;
				CLANG_WARN_SUSPICIOUS_MOVE = YES;
				CLANG_WARN_UNGUARDED_AVAILABILITY = YES_AGGRESSIVE;
				CLANG_WARN_UNREACHABLE_CODE = YES;
				CLANG_WARN__DUPLICATE_METHOD_MATCH = YES;
				COPY_PHASE_STRIP = NO;
				DEBUG_INFORMATION_FORMAT = dwarf;
				ENABLE_STRICT_OBJC_MSGSEND = YES;
				ENABLE_TESTABILITY = YES;
				GCC_C_LANGUAGE_STANDARD = gnu11;
				GCC_DYNAMIC_NO_PIC = NO;
				GCC_NO_COMMON_BLOCKS = YES;
				GCC_OPTIMIZATION_LEVEL = 0;
				GCC_PREPROCESSOR_DEFINITIONS = (
					"DEBUG=1",
					"$(inherited)",
				);
				GCC_WARN_64_TO_32_BIT_CONVERSION = YES;
				GCC_WARN_ABOUT_RETURN_TYPE = YES_ERROR;
				GCC_WARN_UNDECLARED_SELECTOR = YES;
				GCC_WARN_UNINITIALIZED_AUTOS = YES_AGGRESSIVE;
				GCC_WARN_UNUSED_FUNCTION = YES;
				GCC_WARN_UNUSED_VARIABLE = YES;
				IPHONEOS_DEPLOYMENT_TARGET = 16.4;
				MTL_ENABLE_DEBUG_INFO = INCLUDE_SOURCE;
				MTL_FAST_MATH = YES;
				ONLY_ACTIVE_ARCH = YES;
				SDKROOT = iphoneos;
				SWIFT_ACTIVE_COMPILATION_CONDITIONS = DEBUG;
				SWIFT_OPTIMIZATION_LEVEL = "-Onone";
			};
			name = Debug;
		};
		8E44158A2B48386A006AB005 /* Release */ = {
			isa = XCBuildConfiguration;
			buildSettings = {
				ALWAYS_SEARCH_USER_PATHS = NO;
				CLANG_ANALYZER_NONNULL = YES;
				CLANG_ANALYZER_NUMBER_OBJECT_CONVERSION = YES_AGGRESSIVE;
				CLANG_CXX_LANGUAGE_STANDARD = "gnu++20";
				CLANG_ENABLE_MODULES = YES;
				CLANG_ENABLE_OBJC_ARC = YES;
				CLANG_ENABLE_OBJC_WEAK = YES;
				CLANG_WARN_BLOCK_CAPTURE_AUTORELEASING = YES;
				CLANG_WARN_BOOL_CONVERSION = YES;
				CLANG_WARN_COMMA = YES;
				CLANG_WARN_CONSTANT_CONVERSION = YES;
				CLANG_WARN_DEPRECATED_OBJC_IMPLEMENTATIONS = YES;
				CLANG_WARN_DIRECT_OBJC_ISA_USAGE = YES_ERROR;
				CLANG_WARN_DOCUMENTATION_COMMENTS = YES;
				CLANG_WARN_EMPTY_BODY = YES;
				CLANG_WARN_ENUM_CONVERSION = YES;
				CLANG_WARN_INFINITE_RECURSION = YES;
				CLANG_WARN_INT_CONVERSION = YES;
				CLANG_WARN_NON_LITERAL_NULL_CONVERSION = YES;
				CLANG_WARN_OBJC_IMPLICIT_RETAIN_SELF = YES;
				CLANG_WARN_OBJC_LITERAL_CONVERSION = YES;
				CLANG_WARN_OBJC_ROOT_CLASS = YES_ERROR;
				CLANG_WARN_QUOTED_INCLUDE_IN_FRAMEWORK_HEADER = YES;
				CLANG_WARN_RANGE_LOOP_ANALYSIS = YES;
				CLANG_WARN_STRICT_PROTOTYPES = YES;
				CLANG_WARN_SUSPICIOUS_MOVE = YES;
				CLANG_WARN_UNGUARDED_AVAILABILITY = YES_AGGRESSIVE;
				CLANG_WARN_UNREACHABLE_CODE = YES;
				CLANG_WARN__DUPLICATE_METHOD_MATCH = YES;
				COPY_PHASE_STRIP = NO;
				DEBUG_INFORMATION_FORMAT = "dwarf-with-dsym";
				ENABLE_NS_ASSERTIONS = NO;
				ENABLE_STRICT_OBJC_MSGSEND = YES;
				GCC_C_LANGUAGE_STANDARD = gnu11;
				GCC_NO_COMMON_BLOCKS = YES;
				GCC_WARN_64_TO_32_BIT_CONVERSION = YES;
				GCC_WARN_ABOUT_RETURN_TYPE = YES_ERROR;
				GCC_WARN_UNDECLARED_SELECTOR = YES;
				GCC_WARN_UNINITIALIZED_AUTOS = YES_AGGRESSIVE;
				GCC_WARN_UNUSED_FUNCTION = YES;
				GCC_WARN_UNUSED_VARIABLE = YES;
				IPHONEOS_DEPLOYMENT_TARGET = 16.4;
				MTL_ENABLE_DEBUG_INFO = NO;
				MTL_FAST_MATH = YES;
				SDKROOT = iphoneos;
				SWIFT_COMPILATION_MODE = wholemodule;
				SWIFT_OPTIMIZATION_LEVEL = "-O";
				VALIDATE_PRODUCT = YES;
			};
			name = Release;
		};
		8E44158C2B48386A006AB005 /* Debug */ = {
			isa = XCBuildConfiguration;
			buildSettings = {
				ASSETCATALOG_COMPILER_APPICON_NAME = AppIcon;
				ASSETCATALOG_COMPILER_GLOBAL_ACCENT_COLOR_NAME = AccentColor;
				CODE_SIGN_STYLE = Automatic;
				CURRENT_PROJECT_VERSION = 1;
				DEVELOPMENT_ASSET_PATHS = "\"Landmarks/PreviewContent\"";
				DEVELOPMENT_TEAM = UJ4WP3UBQT;
				ENABLE_PREVIEWS = YES;
				GENERATE_INFOPLIST_FILE = YES;
				INFOPLIST_KEY_UIApplicationSceneManifest_Generation = YES;
				INFOPLIST_KEY_UIApplicationSupportsIndirectInputEvents = YES;
				INFOPLIST_KEY_UILaunchScreen_Generation = YES;
				INFOPLIST_KEY_UISupportedInterfaceOrientations_iPad = "UIInterfaceOrientationPortrait UIInterfaceOrientationPortraitUpsideDown UIInterfaceOrientationLandscapeLeft UIInterfaceOrientationLandscapeRight";
				INFOPLIST_KEY_UISupportedInterfaceOrientations_iPhone = "UIInterfaceOrientationPortrait UIInterfaceOrientationLandscapeLeft UIInterfaceOrientationLandscapeRight";
				LD_RUNPATH_SEARCH_PATHS = (
					"$(inherited)",
					"@executable_path/Frameworks",
				);
				MARKETING_VERSION = 1.0;
				PRODUCT_BUNDLE_IDENTIFIER = ru.aai95.Landmarks;
				PRODUCT_NAME = "$(TARGET_NAME)";
				SWIFT_EMIT_LOC_STRINGS = YES;
				SWIFT_VERSION = 5.0;
				TARGETED_DEVICE_FAMILY = "1,2";
			};
			name = Debug;
		};
		8E44158D2B48386A006AB005 /* Release */ = {
			isa = XCBuildConfiguration;
			buildSettings = {
				ASSETCATALOG_COMPILER_APPICON_NAME = AppIcon;
				ASSETCATALOG_COMPILER_GLOBAL_ACCENT_COLOR_NAME = AccentColor;
				CODE_SIGN_STYLE = Automatic;
				CURRENT_PROJECT_VERSION = 1;
				DEVELOPMENT_ASSET_PATHS = "\"Landmarks/PreviewContent\"";
				DEVELOPMENT_TEAM = UJ4WP3UBQT;
				ENABLE_PREVIEWS = YES;
				GENERATE_INFOPLIST_FILE = YES;
				INFOPLIST_KEY_UIApplicationSceneManifest_Generation = YES;
				INFOPLIST_KEY_UIApplicationSupportsIndirectInputEvents = YES;
				INFOPLIST_KEY_UILaunchScreen_Generation = YES;
				INFOPLIST_KEY_UISupportedInterfaceOrientations_iPad = "UIInterfaceOrientationPortrait UIInterfaceOrientationPortraitUpsideDown UIInterfaceOrientationLandscapeLeft UIInterfaceOrientationLandscapeRight";
				INFOPLIST_KEY_UISupportedInterfaceOrientations_iPhone = "UIInterfaceOrientationPortrait UIInterfaceOrientationLandscapeLeft UIInterfaceOrientationLandscapeRight";
				LD_RUNPATH_SEARCH_PATHS = (
					"$(inherited)",
					"@executable_path/Frameworks",
				);
				MARKETING_VERSION = 1.0;
				PRODUCT_BUNDLE_IDENTIFIER = ru.aai95.Landmarks;
				PRODUCT_NAME = "$(TARGET_NAME)";
				SWIFT_EMIT_LOC_STRINGS = YES;
				SWIFT_VERSION = 5.0;
				TARGETED_DEVICE_FAMILY = "1,2";
			};
			name = Release;
		};
/* End XCBuildConfiguration section */

/* Begin XCConfigurationList section */
		8E4415782B483868006AB005 /* Build configuration list for PBXProject "Landmarks" */ = {
			isa = XCConfigurationList;
			buildConfigurations = (
				8E4415892B48386A006AB005 /* Debug */,
				8E44158A2B48386A006AB005 /* Release */,
			);
			defaultConfigurationIsVisible = 0;
			defaultConfigurationName = Release;
		};
		8E44158B2B48386A006AB005 /* Build configuration list for PBXNativeTarget "Landmarks" */ = {
			isa = XCConfigurationList;
			buildConfigurations = (
				8E44158C2B48386A006AB005 /* Debug */,
				8E44158D2B48386A006AB005 /* Release */,
			);
			defaultConfigurationIsVisible = 0;
			defaultConfigurationName = Release;
		};
/* End XCConfigurationList section */
	};
	rootObject = 8E4415752B483868006AB005 /* Project object */;
}
